
Microsoft Visual Studio Solution File, Format Version 12.00
# Visual Studio Version 17
VisualStudioVersion = 17.11.35222.181
MinimumVisualStudioVersion = 10.0.40219.1
Project("{FAE04EC0-301F-11D3-BF4B-00C04F79EFBC}") = "sale_courses", "sale_courses\sale_courses.csproj", "{34866C00-BE27-45E0-B381-6A930194F87E}"
EndProject
Global
	GlobalSection(SolutionConfigurationPlatforms) = preSolution
		Debug|Any CPU = Debug|Any CPU
		Release|Any CPU = Release|Any CPU
	EndGlobalSection
	GlobalSection(ProjectConfigurationPlatforms) = postSolution
		{34866C00-BE27-45E0-B381-6A930194F87E}.Debug|Any CPU.ActiveCfg = Debug|Any CPU
		{34866C00-BE27-45E0-B381-6A930194F87E}.Debug|Any CPU.Build.0 = Debug|Any CPU
		{34866C00-BE27-45E0-B381-6A930194F87E}.Release|Any CPU.ActiveCfg = Release|Any CPU
		{34866C00-BE27-45E0-B381-6A930194F87E}.Release|Any CPU.Build.0 = Release|Any CPU
	EndGlobalSection
	GlobalSection(SolutionProperties) = preSolution
		HideSolutionNode = FALSE
	EndGlobalSection
	GlobalSection(ExtensibilityGlobals) = postSolution
		SolutionGuid = {012FF949-C179-4525-B9A2-A53E7928F4A9}
	EndGlobalSection
EndGlobal
